// !$*UTF8*$!
{
	archiveVersion = 1;
	classes = {
	};
	objectVersion = 56;
	objects = {

/* Begin PBXBuildFile section */
		CC6ADFD82C0CAC1400326DE9 /* MyCollectionViewCell.swift in Sources */ = {isa = PBXBuildFile; fileRef = CC6ADFD72C0CAC1400326DE9 /* MyCollectionViewCell.swift */; };
		CC7397B22C030A6800E59184 /* AppDelegate.swift in Sources */ = {isa = PBXBuildFile; fileRef = CC7397B12C030A6800E59184 /* AppDelegate.swift */; };
		CC7397B42C030A6800E59184 /* SceneDelegate.swift in Sources */ = {isa = PBXBuildFile; fileRef = CC7397B32C030A6800E59184 /* SceneDelegate.swift */; };
		CC7397B62C030A6800E59184 /* MainViewController.swift in Sources */ = {isa = PBXBuildFile; fileRef = CC7397B52C030A6800E59184 /* MainViewController.swift */; };
		CC7397BB2C030A6900E59184 /* Assets.xcassets in Resources */ = {isa = PBXBuildFile; fileRef = CC7397BA2C030A6900E59184 /* Assets.xcassets */; };
		CC7397BE2C030A6900E59184 /* LaunchScreen.storyboard in Resources */ = {isa = PBXBuildFile; fileRef = CC7397BC2C030A6900E59184 /* LaunchScreen.storyboard */; };
		CC770D502C0D962E0066177C /* UIViewController+Ext.swift in Sources */ = {isa = PBXBuildFile; fileRef = CC770D4F2C0D962E0066177C /* UIViewController+Ext.swift */; };
		CC770D532C0D96DB0066177C /* KYFAlertVC.swift in Sources */ = {isa = PBXBuildFile; fileRef = CC770D522C0D96DB0066177C /* KYFAlertVC.swift */; };
		CC770D572C0D97280066177C /* KYFTitleLabel.swift in Sources */ = {isa = PBXBuildFile; fileRef = CC770D562C0D97280066177C /* KYFTitleLabel.swift */; };
		CC770D592C0D974B0066177C /* KYFBodyLabel.swift in Sources */ = {isa = PBXBuildFile; fileRef = CC770D582C0D974B0066177C /* KYFBodyLabel.swift */; };
		CC770D5B2C0D97750066177C /* KYFSecondaryTitleLabel.swift in Sources */ = {isa = PBXBuildFile; fileRef = CC770D5A2C0D97750066177C /* KYFSecondaryTitleLabel.swift */; };
		CC770D5D2C0D97A10066177C /* KYFButton.swift in Sources */ = {isa = PBXBuildFile; fileRef = CC770D5C2C0D97A10066177C /* KYFButton.swift */; };
		CC770D5F2C0D9E380066177C /* GameVC.swift in Sources */ = {isa = PBXBuildFile; fileRef = CC770D5E2C0D9E380066177C /* GameVC.swift */; };
		CC770D642C0DCF910066177C /* Country.swift in Sources */ = {isa = PBXBuildFile; fileRef = CC770D632C0DCF910066177C /* Country.swift */; };
		CC7B117F2C134F22004A86C8 /* KYFCountryChoiceView.swift in Sources */ = {isa = PBXBuildFile; fileRef = CC7B117E2C134F22004A86C8 /* KYFCountryChoiceView.swift */; };
		CC7B11812C135783004A86C8 /* KYFCountryChoiceGestureRecognizer.swift in Sources */ = {isa = PBXBuildFile; fileRef = CC7B11802C135783004A86C8 /* KYFCountryChoiceGestureRecognizer.swift */; };
		CC7B8E922C060972002AC0CD /* HomeVC.swift in Sources */ = {isa = PBXBuildFile; fileRef = CC7B8E912C060972002AC0CD /* HomeVC.swift */; };
		CCA34C112C033FA200CCCB68 /* GoogleService-Info.plist in Resources */ = {isa = PBXBuildFile; fileRef = CCA34C102C033FA200CCCB68 /* GoogleService-Info.plist */; };
		EAE17B743ADA3A31031E024E /* Pods_knowyourflag.framework in Frameworks */ = {isa = PBXBuildFile; fileRef = B37B57DF2AFCF11878A8D9B6 /* Pods_knowyourflag.framework */; };
/* End PBXBuildFile section */

/* Begin PBXFileReference section */
		A6D07747E252017BF548719A /* Pods-knowyourflag.release.xcconfig */ = {isa = PBXFileReference; includeInIndex = 1; lastKnownFileType = text.xcconfig; name = "Pods-knowyourflag.release.xcconfig"; path = "Target Support Files/Pods-knowyourflag/Pods-knowyourflag.release.xcconfig"; sourceTree = "<group>"; };
		B37B57DF2AFCF11878A8D9B6 /* Pods_knowyourflag.framework */ = {isa = PBXFileReference; explicitFileType = wrapper.framework; includeInIndex = 0; path = Pods_knowyourflag.framework; sourceTree = BUILT_PRODUCTS_DIR; };
		C856B958F7081C29AF83147D /* Pods-knowyourflag.debug.xcconfig */ = {isa = PBXFileReference; includeInIndex = 1; lastKnownFileType = text.xcconfig; name = "Pods-knowyourflag.debug.xcconfig"; path = "Target Support Files/Pods-knowyourflag/Pods-knowyourflag.debug.xcconfig"; sourceTree = "<group>"; };
		CC6ADFD72C0CAC1400326DE9 /* MyCollectionViewCell.swift */ = {isa = PBXFileReference; lastKnownFileType = sourcecode.swift; path = MyCollectionViewCell.swift; sourceTree = "<group>"; };
		CC7397AE2C030A6800E59184 /* knowyourflag.app */ = {isa = PBXFileReference; explicitFileType = wrapper.application; includeInIndex = 0; path = knowyourflag.app; sourceTree = BUILT_PRODUCTS_DIR; };
		CC7397B12C030A6800E59184 /* AppDelegate.swift */ = {isa = PBXFileReference; lastKnownFileType = sourcecode.swift; path = AppDelegate.swift; sourceTree = "<group>"; };
		CC7397B32C030A6800E59184 /* SceneDelegate.swift */ = {isa = PBXFileReference; lastKnownFileType = sourcecode.swift; path = SceneDelegate.swift; sourceTree = "<group>"; };
		CC7397B52C030A6800E59184 /* MainViewController.swift */ = {isa = PBXFileReference; lastKnownFileType = sourcecode.swift; path = MainViewController.swift; sourceTree = "<group>"; };
		CC7397BA2C030A6900E59184 /* Assets.xcassets */ = {isa = PBXFileReference; lastKnownFileType = folder.assetcatalog; path = Assets.xcassets; sourceTree = "<group>"; };
		CC7397BD2C030A6900E59184 /* Base */ = {isa = PBXFileReference; lastKnownFileType = file.storyboard; name = Base; path = Base.lproj/LaunchScreen.storyboard; sourceTree = "<group>"; };
		CC7397BF2C030A6900E59184 /* Info.plist */ = {isa = PBXFileReference; lastKnownFileType = text.plist.xml; path = Info.plist; sourceTree = "<group>"; };
		CC770D4F2C0D962E0066177C /* UIViewController+Ext.swift */ = {isa = PBXFileReference; lastKnownFileType = sourcecode.swift; path = "UIViewController+Ext.swift"; sourceTree = "<group>"; };
		CC770D522C0D96DB0066177C /* KYFAlertVC.swift */ = {isa = PBXFileReference; lastKnownFileType = sourcecode.swift; path = KYFAlertVC.swift; sourceTree = "<group>"; };
		CC770D562C0D97280066177C /* KYFTitleLabel.swift */ = {isa = PBXFileReference; lastKnownFileType = sourcecode.swift; path = KYFTitleLabel.swift; sourceTree = "<group>"; };
		CC770D582C0D974B0066177C /* KYFBodyLabel.swift */ = {isa = PBXFileReference; lastKnownFileType = sourcecode.swift; path = KYFBodyLabel.swift; sourceTree = "<group>"; };
		CC770D5A2C0D97750066177C /* KYFSecondaryTitleLabel.swift */ = {isa = PBXFileReference; lastKnownFileType = sourcecode.swift; path = KYFSecondaryTitleLabel.swift; sourceTree = "<group>"; };
		CC770D5C2C0D97A10066177C /* KYFButton.swift */ = {isa = PBXFileReference; lastKnownFileType = sourcecode.swift; path = KYFButton.swift; sourceTree = "<group>"; };
		CC770D5E2C0D9E380066177C /* GameVC.swift */ = {isa = PBXFileReference; lastKnownFileType = sourcecode.swift; path = GameVC.swift; sourceTree = "<group>"; };
		CC770D632C0DCF910066177C /* Country.swift */ = {isa = PBXFileReference; fileEncoding = 4; lastKnownFileType = sourcecode.swift; path = Country.swift; sourceTree = "<group>"; };
		CC7B117E2C134F22004A86C8 /* KYFCountryChoiceView.swift */ = {isa = PBXFileReference; lastKnownFileType = sourcecode.swift; path = KYFCountryChoiceView.swift; sourceTree = "<group>"; };
		CC7B11802C135783004A86C8 /* KYFCountryChoiceGestureRecognizer.swift */ = {isa = PBXFileReference; lastKnownFileType = sourcecode.swift; path = KYFCountryChoiceGestureRecognizer.swift; sourceTree = "<group>"; };
		CC7B8E912C060972002AC0CD /* HomeVC.swift */ = {isa = PBXFileReference; lastKnownFileType = sourcecode.swift; path = HomeVC.swift; sourceTree = "<group>"; };
		CCA34C102C033FA200CCCB68 /* GoogleService-Info.plist */ = {isa = PBXFileReference; fileEncoding = 4; lastKnownFileType = text.plist.xml; path = "GoogleService-Info.plist"; sourceTree = "<group>"; };
/* End PBXFileReference section */

/* Begin PBXFrameworksBuildPhase section */
		CC7397AB2C030A6800E59184 /* Frameworks */ = {
			isa = PBXFrameworksBuildPhase;
			buildActionMask = 2147483647;
			files = (
				EAE17B743ADA3A31031E024E /* Pods_knowyourflag.framework in Frameworks */,
			);
			runOnlyForDeploymentPostprocessing = 0;
		};
/* End PBXFrameworksBuildPhase section */

/* Begin PBXGroup section */
		6172BAFE397FB2E46EAE2E4E /* Frameworks */ = {
			isa = PBXGroup;
			children = (
				B37B57DF2AFCF11878A8D9B6 /* Pods_knowyourflag.framework */,
			);
			name = Frameworks;
			sourceTree = "<group>";
		};
		CC6ADFD42C0CA67A00326DE9 /* Screens */ = {
			isa = PBXGroup;
			children = (
				CC7B8E912C060972002AC0CD /* HomeVC.swift */,
				CC770D5E2C0D9E380066177C /* GameVC.swift */,
			);
			path = Screens;
			sourceTree = "<group>";
		};
		CC6ADFD52C0CA68700326DE9 /* CustomViews */ = {
			isa = PBXGroup;
			children = (
				CC7B117D2C134EEA004A86C8 /* Views */,
				CC770D552C0D970A0066177C /* Buttons */,
				CC770D542C0D97010066177C /* Labels */,
				CC770D512C0D96B40066177C /* ViewControllers */,
				CC6ADFD62C0CA68D00326DE9 /* Cells */,
			);
			path = CustomViews;
			sourceTree = "<group>";
		};
		CC6ADFD62C0CA68D00326DE9 /* Cells */ = {
			isa = PBXGroup;
			children = (
				CC6ADFD72C0CAC1400326DE9 /* MyCollectionViewCell.swift */,
			);
			path = Cells;
			sourceTree = "<group>";
		};
		CC7397A52C030A6800E59184 = {
			isa = PBXGroup;
			children = (
				CC7397B02C030A6800E59184 /* knowyourflag */,
				CC7397AF2C030A6800E59184 /* Products */,
				D4537A9D108C2C1C8F7E1E4C /* Pods */,
				6172BAFE397FB2E46EAE2E4E /* Frameworks */,
			);
			sourceTree = "<group>";
		};
		CC7397AF2C030A6800E59184 /* Products */ = {
			isa = PBXGroup;
			children = (
				CC7397AE2C030A6800E59184 /* knowyourflag.app */,
			);
			name = Products;
			sourceTree = "<group>";
		};
		CC7397B02C030A6800E59184 /* knowyourflag */ = {
			isa = PBXGroup;
			children = (
				CC770D622C0DCF850066177C /* Models */,
				CC770D4E2C0D96190066177C /* Extensions */,
				CC6ADFD52C0CA68700326DE9 /* CustomViews */,
				CC6ADFD42C0CA67A00326DE9 /* Screens */,
				CC7397B12C030A6800E59184 /* AppDelegate.swift */,
				CC7397B32C030A6800E59184 /* SceneDelegate.swift */,
				CC7397B52C030A6800E59184 /* MainViewController.swift */,
				CC7397BA2C030A6900E59184 /* Assets.xcassets */,
				CC7397BC2C030A6900E59184 /* LaunchScreen.storyboard */,
				CC7397BF2C030A6900E59184 /* Info.plist */,
				CCA34C102C033FA200CCCB68 /* GoogleService-Info.plist */,
			);
			path = knowyourflag;
			sourceTree = "<group>";
		};
		CC770D4E2C0D96190066177C /* Extensions */ = {
			isa = PBXGroup;
			children = (
				CC770D4F2C0D962E0066177C /* UIViewController+Ext.swift */,
			);
			path = Extensions;
			sourceTree = "<group>";
		};
		CC770D512C0D96B40066177C /* ViewControllers */ = {
			isa = PBXGroup;
			children = (
				CC770D522C0D96DB0066177C /* KYFAlertVC.swift */,
			);
			path = ViewControllers;
			sourceTree = "<group>";
		};
		CC770D542C0D97010066177C /* Labels */ = {
			isa = PBXGroup;
			children = (
				CC770D562C0D97280066177C /* KYFTitleLabel.swift */,
				CC770D582C0D974B0066177C /* KYFBodyLabel.swift */,
				CC770D5A2C0D97750066177C /* KYFSecondaryTitleLabel.swift */,
			);
			path = Labels;
			sourceTree = "<group>";
		};
		CC770D552C0D970A0066177C /* Buttons */ = {
			isa = PBXGroup;
			children = (
				CC770D5C2C0D97A10066177C /* KYFButton.swift */,
			);
			path = Buttons;
			sourceTree = "<group>";
		};
		CC770D622C0DCF850066177C /* Models */ = {
			isa = PBXGroup;
			children = (
				CC770D632C0DCF910066177C /* Country.swift */,
				CC7B11802C135783004A86C8 /* KYFCountryChoiceGestureRecognizer.swift */,
			);
			path = Models;
			sourceTree = "<group>";
		};
		CC7B117D2C134EEA004A86C8 /* Views */ = {
			isa = PBXGroup;
			children = (
				CC7B117E2C134F22004A86C8 /* KYFCountryChoiceView.swift */,
			);
			path = Views;
			sourceTree = "<group>";
		};
		D4537A9D108C2C1C8F7E1E4C /* Pods */ = {
			isa = PBXGroup;
			children = (
				C856B958F7081C29AF83147D /* Pods-knowyourflag.debug.xcconfig */,
				A6D07747E252017BF548719A /* Pods-knowyourflag.release.xcconfig */,
			);
			path = Pods;
			sourceTree = "<group>";
		};
/* End PBXGroup section */

/* Begin PBXNativeTarget section */
		CC7397AD2C030A6800E59184 /* knowyourflag */ = {
			isa = PBXNativeTarget;
			buildConfigurationList = CC7397C22C030A6900E59184 /* Build configuration list for PBXNativeTarget "knowyourflag" */;
			buildPhases = (
				EE3601FAFFF64558C0E30694 /* [CP] Check Pods Manifest.lock */,
				CC7397AA2C030A6800E59184 /* Sources */,
				CC7397AB2C030A6800E59184 /* Frameworks */,
				CC7397AC2C030A6800E59184 /* Resources */,
				7E5D300C2FCF90758BF36DF4 /* [CP] Embed Pods Frameworks */,
				CCA34C0D2C03379C00CCCB68 /* ShellScript */,
			);
			buildRules = (
			);
			dependencies = (
			);
			name = knowyourflag;
			productName = knowyourflag;
			productReference = CC7397AE2C030A6800E59184 /* knowyourflag.app */;
			productType = "com.apple.product-type.application";
		};
/* End PBXNativeTarget section */

/* Begin PBXProject section */
		CC7397A62C030A6800E59184 /* Project object */ = {
			isa = PBXProject;
			attributes = {
				BuildIndependentTargetsInParallel = 1;
				LastSwiftUpdateCheck = 1510;
				LastUpgradeCheck = 1510;
				TargetAttributes = {
					CC7397AD2C030A6800E59184 = {
						CreatedOnToolsVersion = 15.1;
					};
				};
			};
			buildConfigurationList = CC7397A92C030A6800E59184 /* Build configuration list for PBXProject "knowyourflag" */;
			compatibilityVersion = "Xcode 14.0";
			developmentRegion = en;
			hasScannedForEncodings = 0;
			knownRegions = (
				en,
				Base,
			);
			mainGroup = CC7397A52C030A6800E59184;
			productRefGroup = CC7397AF2C030A6800E59184 /* Products */;
			projectDirPath = "";
			projectRoot = "";
			targets = (
				CC7397AD2C030A6800E59184 /* knowyourflag */,
			);
		};
/* End PBXProject section */

/* Begin PBXResourcesBuildPhase section */
		CC7397AC2C030A6800E59184 /* Resources */ = {
			isa = PBXResourcesBuildPhase;
			buildActionMask = 2147483647;
			files = (
				CC7397BE2C030A6900E59184 /* LaunchScreen.storyboard in Resources */,
				CC7397BB2C030A6900E59184 /* Assets.xcassets in Resources */,
				CCA34C112C033FA200CCCB68 /* GoogleService-Info.plist in Resources */,
			);
			runOnlyForDeploymentPostprocessing = 0;
		};
/* End PBXResourcesBuildPhase section */

/* Begin PBXShellScriptBuildPhase section */
		7E5D300C2FCF90758BF36DF4 /* [CP] Embed Pods Frameworks */ = {
			isa = PBXShellScriptBuildPhase;
			buildActionMask = 2147483647;
			files = (
			);
			inputFileListPaths = (
				"${PODS_ROOT}/Target Support Files/Pods-knowyourflag/Pods-knowyourflag-frameworks-${CONFIGURATION}-input-files.xcfilelist",
			);
			name = "[CP] Embed Pods Frameworks";
			outputFileListPaths = (
				"${PODS_ROOT}/Target Support Files/Pods-knowyourflag/Pods-knowyourflag-frameworks-${CONFIGURATION}-output-files.xcfilelist",
			);
			runOnlyForDeploymentPostprocessing = 0;
			shellPath = /bin/sh;
			shellScript = "\"${PODS_ROOT}/Target Support Files/Pods-knowyourflag/Pods-knowyourflag-frameworks.sh\"\n";
			showEnvVarsInLog = 0;
		};
		CCA34C0D2C03379C00CCCB68 /* ShellScript */ = {
			isa = PBXShellScriptBuildPhase;
			buildActionMask = 8;
			files = (
			);
			inputFileListPaths = (
			);
			inputPaths = (
				"${DWARF_DSYM_FOLDER_PATH}/${DWARF_DSYM_FILE_NAME}",
				"${DWARF_DSYM_FOLDER_PATH}/${DWARF_DSYM_FILE_NAME}/Contents/Resources/DWARF/${PRODUCT_NAME}",
				"${DWARF_DSYM_FOLDER_PATH}/${DWARF_DSYM_FILE_NAME}/Contents/Info.plist",
				"$(TARGET_BUILD_DIR)/$(UNLOCALIZED_RESOURCES_FOLDER_PATH)/GoogleService-Info.plist",
				"$(TARGET_BUILD_DIR)/$(EXECUTABLE_PATH)",
			);
			outputFileListPaths = (
			);
			outputPaths = (
			);
			runOnlyForDeploymentPostprocessing = 1;
			shellPath = /bin/sh;
			shellScript = "\"${BUILD_DIR%/Build/*}/SourcePackages/checkouts/firebase-ios-sdk/Crashlytics/run\"\n";
		};
		EE3601FAFFF64558C0E30694 /* [CP] Check Pods Manifest.lock */ = {
			isa = PBXShellScriptBuildPhase;
			buildActionMask = 2147483647;
			files = (
			);
			inputFileListPaths = (
			);
			inputPaths = (
				"${PODS_PODFILE_DIR_PATH}/Podfile.lock",
				"${PODS_ROOT}/Manifest.lock",
			);
			name = "[CP] Check Pods Manifest.lock";
			outputFileListPaths = (
			);
			outputPaths = (
				"$(DERIVED_FILE_DIR)/Pods-knowyourflag-checkManifestLockResult.txt",
			);
			runOnlyForDeploymentPostprocessing = 0;
			shellPath = /bin/sh;
			shellScript = "diff \"${PODS_PODFILE_DIR_PATH}/Podfile.lock\" \"${PODS_ROOT}/Manifest.lock\" > /dev/null\nif [ $? != 0 ] ; then\n    # print error to STDERR\n    echo \"error: The sandbox is not in sync with the Podfile.lock. Run 'pod install' or update your CocoaPods installation.\" >&2\n    exit 1\nfi\n# This output is used by Xcode 'outputs' to avoid re-running this script phase.\necho \"SUCCESS\" > \"${SCRIPT_OUTPUT_FILE_0}\"\n";
			showEnvVarsInLog = 0;
		};
/* End PBXShellScriptBuildPhase section */

/* Begin PBXSourcesBuildPhase section */
		CC7397AA2C030A6800E59184 /* Sources */ = {
			isa = PBXSourcesBuildPhase;
			buildActionMask = 2147483647;
			files = (
				CC770D502C0D962E0066177C /* UIViewController+Ext.swift in Sources */,
				CC6ADFD82C0CAC1400326DE9 /* MyCollectionViewCell.swift in Sources */,
				CC770D5D2C0D97A10066177C /* KYFButton.swift in Sources */,
				CC770D572C0D97280066177C /* KYFTitleLabel.swift in Sources */,
				CC770D642C0DCF910066177C /* Country.swift in Sources */,
				CC7397B62C030A6800E59184 /* MainViewController.swift in Sources */,
				CC7B8E922C060972002AC0CD /* HomeVC.swift in Sources */,
				CC7397B22C030A6800E59184 /* AppDelegate.swift in Sources */,
				CC770D532C0D96DB0066177C /* KYFAlertVC.swift in Sources */,
				CC770D592C0D974B0066177C /* KYFBodyLabel.swift in Sources */,
				CC7B11812C135783004A86C8 /* KYFCountryChoiceGestureRecognizer.swift in Sources */,
				CC7397B42C030A6800E59184 /* SceneDelegate.swift in Sources */,
				CC7B117F2C134F22004A86C8 /* KYFCountryChoiceView.swift in Sources */,
				CC770D5F2C0D9E380066177C /* GameVC.swift in Sources */,
				CC770D5B2C0D97750066177C /* KYFSecondaryTitleLabel.swift in Sources */,
			);
			runOnlyForDeploymentPostprocessing = 0;
		};
/* End PBXSourcesBuildPhase section */

/* Begin PBXVariantGroup section */
		CC7397BC2C030A6900E59184 /* LaunchScreen.storyboard */ = {
			isa = PBXVariantGroup;
			children = (
				CC7397BD2C030A6900E59184 /* Base */,
			);
			name = LaunchScreen.storyboard;
			sourceTree = "<group>";
		};
/* End PBXVariantGroup section */

/* Begin XCBuildConfiguration section */
		CC7397C02C030A6900E59184 /* Debug */ = {
			isa = XCBuildConfiguration;
			buildSettings = {
				ALWAYS_SEARCH_USER_PATHS = NO;
				ASSETCATALOG_COMPILER_GENERATE_SWIFT_ASSET_SYMBOL_EXTENSIONS = YES;
				CLANG_ANALYZER_NONNULL = YES;
				CLANG_ANALYZER_NUMBER_OBJECT_CONVERSION = YES_AGGRESSIVE;
				CLANG_CXX_LANGUAGE_STANDARD = "gnu++20";
				CLANG_ENABLE_MODULES = YES;
				CLANG_ENABLE_OBJC_ARC = YES;
				CLANG_ENABLE_OBJC_WEAK = YES;
				CLANG_WARN_BLOCK_CAPTURE_AUTORELEASING = YES;
				CLANG_WARN_BOOL_CONVERSION = YES;
				CLANG_WARN_COMMA = YES;
				CLANG_WARN_CONSTANT_CONVERSION = YES;
				CLANG_WARN_DEPRECATED_OBJC_IMPLEMENTATIONS = YES;
				CLANG_WARN_DIRECT_OBJC_ISA_USAGE = YES_ERROR;
				CLANG_WARN_DOCUMENTATION_COMMENTS = YES;
				CLANG_WARN_EMPTY_BODY = YES;
				CLANG_WARN_ENUM_CONVERSION = YES;
				CLANG_WARN_INFINITE_RECURSION = YES;
				CLANG_WARN_INT_CONVERSION = YES;
				CLANG_WARN_NON_LITERAL_NULL_CONVERSION = YES;
				CLANG_WARN_OBJC_IMPLICIT_RETAIN_SELF = YES;
				CLANG_WARN_OBJC_LITERAL_CONVERSION = YES;
				CLANG_WARN_OBJC_ROOT_CLASS = YES_ERROR;
				CLANG_WARN_QUOTED_INCLUDE_IN_FRAMEWORK_HEADER = YES;
				CLANG_WARN_RANGE_LOOP_ANALYSIS = YES;
				CLANG_WARN_STRICT_PROTOTYPES = YES;
				CLANG_WARN_SUSPICIOUS_MOVE = YES;
				CLANG_WARN_UNGUARDED_AVAILABILITY = YES_AGGRESSIVE;
				CLANG_WARN_UNREACHABLE_CODE = YES;
				CLANG_WARN__DUPLICATE_METHOD_MATCH = YES;
				COPY_PHASE_STRIP = NO;
				DEBUG_INFORMATION_FORMAT = dwarf;
				ENABLE_STRICT_OBJC_MSGSEND = YES;
				ENABLE_TESTABILITY = YES;
				ENABLE_USER_SCRIPT_SANDBOXING = YES;
				GCC_C_LANGUAGE_STANDARD = gnu17;
				GCC_DYNAMIC_NO_PIC = NO;
				GCC_NO_COMMON_BLOCKS = YES;
				GCC_OPTIMIZATION_LEVEL = 0;
				GCC_PREPROCESSOR_DEFINITIONS = (
					"DEBUG=1",
					"$(inherited)",
				);
				GCC_WARN_64_TO_32_BIT_CONVERSION = YES;
				GCC_WARN_ABOUT_RETURN_TYPE = YES_ERROR;
				GCC_WARN_UNDECLARED_SELECTOR = YES;
				GCC_WARN_UNINITIALIZED_AUTOS = YES_AGGRESSIVE;
				GCC_WARN_UNUSED_FUNCTION = YES;
				GCC_WARN_UNUSED_VARIABLE = YES;
				IPHONEOS_DEPLOYMENT_TARGET = 13.0;
				LOCALIZATION_PREFERS_STRING_CATALOGS = YES;
				MTL_ENABLE_DEBUG_INFO = INCLUDE_SOURCE;
				MTL_FAST_MATH = YES;
				ONLY_ACTIVE_ARCH = YES;
				SDKROOT = iphoneos;
				SWIFT_ACTIVE_COMPILATION_CONDITIONS = "DEBUG $(inherited)";
				SWIFT_OPTIMIZATION_LEVEL = "-Onone";
			};
			name = Debug;
		};
		CC7397C12C030A6900E59184 /* Release */ = {
			isa = XCBuildConfiguration;
			buildSettings = {
				ALWAYS_SEARCH_USER_PATHS = NO;
				ASSETCATALOG_COMPILER_GENERATE_SWIFT_ASSET_SYMBOL_EXTENSIONS = YES;
				CLANG_ANALYZER_NONNULL = YES;
				CLANG_ANALYZER_NUMBER_OBJECT_CONVERSION = YES_AGGRESSIVE;
				CLANG_CXX_LANGUAGE_STANDARD = "gnu++20";
				CLANG_ENABLE_MODULES = YES;
				CLANG_ENABLE_OBJC_ARC = YES;
				CLANG_ENABLE_OBJC_WEAK = YES;
				CLANG_WARN_BLOCK_CAPTURE_AUTORELEASING = YES;
				CLANG_WARN_BOOL_CONVERSION = YES;
				CLANG_WARN_COMMA = YES;
				CLANG_WARN_CONSTANT_CONVERSION = YES;
				CLANG_WARN_DEPRECATED_OBJC_IMPLEMENTATIONS = YES;
				CLANG_WARN_DIRECT_OBJC_ISA_USAGE = YES_ERROR;
				CLANG_WARN_DOCUMENTATION_COMMENTS = YES;
				CLANG_WARN_EMPTY_BODY = YES;
				CLANG_WARN_ENUM_CONVERSION = YES;
				CLANG_WARN_INFINITE_RECURSION = YES;
				CLANG_WARN_INT_CONVERSION = YES;
				CLANG_WARN_NON_LITERAL_NULL_CONVERSION = YES;
				CLANG_WARN_OBJC_IMPLICIT_RETAIN_SELF = YES;
				CLANG_WARN_OBJC_LITERAL_CONVERSION = YES;
				CLANG_WARN_OBJC_ROOT_CLASS = YES_ERROR;
				CLANG_WARN_QUOTED_INCLUDE_IN_FRAMEWORK_HEADER = YES;
				CLANG_WARN_RANGE_LOOP_ANALYSIS = YES;
				CLANG_WARN_STRICT_PROTOTYPES = YES;
				CLANG_WARN_SUSPICIOUS_MOVE = YES;
				CLANG_WARN_UNGUARDED_AVAILABILITY = YES_AGGRESSIVE;
				CLANG_WARN_UNREACHABLE_CODE = YES;
				CLANG_WARN__DUPLICATE_METHOD_MATCH = YES;
				COPY_PHASE_STRIP = NO;
				DEBUG_INFORMATION_FORMAT = "dwarf-with-dsym";
				ENABLE_NS_ASSERTIONS = NO;
				ENABLE_STRICT_OBJC_MSGSEND = YES;
				ENABLE_USER_SCRIPT_SANDBOXING = YES;
				GCC_C_LANGUAGE_STANDARD = gnu17;
				GCC_NO_COMMON_BLOCKS = YES;
				GCC_WARN_64_TO_32_BIT_CONVERSION = YES;
				GCC_WARN_ABOUT_RETURN_TYPE = YES_ERROR;
				GCC_WARN_UNDECLARED_SELECTOR = YES;
				GCC_WARN_UNINITIALIZED_AUTOS = YES_AGGRESSIVE;
				GCC_WARN_UNUSED_FUNCTION = YES;
				GCC_WARN_UNUSED_VARIABLE = YES;
				IPHONEOS_DEPLOYMENT_TARGET = 13.0;
				LOCALIZATION_PREFERS_STRING_CATALOGS = YES;
				MTL_ENABLE_DEBUG_INFO = NO;
				MTL_FAST_MATH = YES;
				SDKROOT = iphoneos;
				SWIFT_COMPILATION_MODE = wholemodule;
				VALIDATE_PRODUCT = YES;
			};
			name = Release;
		};
		CC7397C32C030A6900E59184 /* Debug */ = {
			isa = XCBuildConfiguration;
			baseConfigurationReference = C856B958F7081C29AF83147D /* Pods-knowyourflag.debug.xcconfig */;
			buildSettings = {
				ASSETCATALOG_COMPILER_APPICON_NAME = AppIcon;
				ASSETCATALOG_COMPILER_GLOBAL_ACCENT_COLOR_NAME = AccentColor;
				CODE_SIGN_STYLE = Automatic;
				CURRENT_PROJECT_VERSION = 1;
				DEBUG_INFORMATION_FORMAT = "dwarf-with-dsym";
				DEVELOPMENT_TEAM = N38WBA7279;
				ENABLE_USER_SCRIPT_SANDBOXING = NO;
				GENERATE_INFOPLIST_FILE = YES;
				INFOPLIST_FILE = knowyourflag/Info.plist;
				INFOPLIST_KEY_CFBundleDisplayName = KnowYourFlag;
				INFOPLIST_KEY_UIApplicationSupportsIndirectInputEvents = YES;
				INFOPLIST_KEY_UILaunchStoryboardName = LaunchScreen;
				INFOPLIST_KEY_UIMainStoryboardFile = "";
				INFOPLIST_KEY_UISupportedInterfaceOrientations = UIInterfaceOrientationPortrait;
				INFOPLIST_KEY_UISupportedInterfaceOrientations_iPad = "UIInterfaceOrientationLandscapeLeft UIInterfaceOrientationLandscapeRight UIInterfaceOrientationPortrait UIInterfaceOrientationPortraitUpsideDown";
				IPHONEOS_DEPLOYMENT_TARGET = 13.0;
				LD_RUNPATH_SEARCH_PATHS = (
					"$(inherited)",
					"@executable_path/Frameworks",
				);
				MARKETING_VERSION = 1.0;
				PRODUCT_BUNDLE_IDENTIFIER = co.chrisjames.knowyourflag;
				PRODUCT_NAME = "$(TARGET_NAME)";
				SUPPORTED_PLATFORMS = "iphoneos iphonesimulator";
				SUPPORTS_MACCATALYST = NO;
				SUPPORTS_MAC_DESIGNED_FOR_IPHONE_IPAD = NO;
				SWIFT_EMIT_LOC_STRINGS = YES;
				SWIFT_VERSION = 5.0;
				TARGETED_DEVICE_FAMILY = 1;
			};
			name = Debug;
		};
		CC7397C42C030A6900E59184 /* Release */ = {
			isa = XCBuildConfiguration;
			baseConfigurationReference = A6D07747E252017BF548719A /* Pods-knowyourflag.release.xcconfig */;
			buildSettings = {
				ASSETCATALOG_COMPILER_APPICON_NAME = AppIcon;
				ASSETCATALOG_COMPILER_GLOBAL_ACCENT_COLOR_NAME = AccentColor;
				CODE_SIGN_STYLE = Automatic;
				CURRENT_PROJECT_VERSION = 1;
				DEVELOPMENT_TEAM = N38WBA7279;
				ENABLE_USER_SCRIPT_SANDBOXING = NO;
				GENERATE_INFOPLIST_FILE = YES;
				INFOPLIST_FILE = knowyourflag/Info.plist;
				INFOPLIST_KEY_CFBundleDisplayName = KnowYourFlag;
				INFOPLIST_KEY_UIApplicationSupportsIndirectInputEvents = YES;
				INFOPLIST_KEY_UILaunchStoryboardName = LaunchScreen;
				INFOPLIST_KEY_UIMainStoryboardFile = "";
				INFOPLIST_KEY_UISupportedInterfaceOrientations = UIInterfaceOrientationPortrait;
				INFOPLIST_KEY_UISupportedInterfaceOrientations_iPad = "UIInterfaceOrientationLandscapeLeft UIInterfaceOrientationLandscapeRight UIInterfaceOrientationPortrait UIInterfaceOrientationPortraitUpsideDown";
				IPHONEOS_DEPLOYMENT_TARGET = 13.0;
				LD_RUNPATH_SEARCH_PATHS = (
					"$(inherited)",
					"@executable_path/Frameworks",
				);
				MARKETING_VERSION = 1.0;
				PRODUCT_BUNDLE_IDENTIFIER = co.chrisjames.knowyourflag;
				PRODUCT_NAME = "$(TARGET_NAME)";
				SUPPORTED_PLATFORMS = "iphoneos iphonesimulator";
				SUPPORTS_MACCATALYST = NO;
				SUPPORTS_MAC_DESIGNED_FOR_IPHONE_IPAD = NO;
				SWIFT_EMIT_LOC_STRINGS = YES;
				SWIFT_VERSION = 5.0;
				TARGETED_DEVICE_FAMILY = 1;
			};
			name = Release;
		};
/* End XCBuildConfiguration section */

/* Begin XCConfigurationList section */
		CC7397A92C030A6800E59184 /* Build configuration list for PBXProject "knowyourflag" */ = {
			isa = XCConfigurationList;
			buildConfigurations = (
				CC7397C02C030A6900E59184 /* Debug */,
				CC7397C12C030A6900E59184 /* Release */,
			);
			defaultConfigurationIsVisible = 0;
			defaultConfigurationName = Release;
		};
		CC7397C22C030A6900E59184 /* Build configuration list for PBXNativeTarget "knowyourflag" */ = {
			isa = XCConfigurationList;
			buildConfigurations = (
				CC7397C32C030A6900E59184 /* Debug */,
				CC7397C42C030A6900E59184 /* Release */,
			);
			defaultConfigurationIsVisible = 0;
			defaultConfigurationName = Release;
		};
/* End XCConfigurationList section */
	};
	rootObject = CC7397A62C030A6800E59184 /* Project object */;
}
